
Microsoft Visual Studio Solution File, Format Version 12.00
# Visual Studio Version 17
VisualStudioVersion = 17.12.35527.113 d17.12
MinimumVisualStudioVersion = 10.0.40219.1
Project("{2150E333-8FDC-42A3-9474-1A3956D46DE8}") = "Solution Items", "Solution Items", "{B0A2B609-F4C6-4EA5-9E9F-47C5206025FF}"
	ProjectSection(SolutionItems) = preProject
		Notes.txt = Notes.txt
	EndProjectSection
EndProject
Project("{F2A71F9B-5D33-465A-A702-920D77279786}") = "AntWorldCore", "AntWorldCore\AntWorldCore.fsproj", "{C227FC35-CB86-497B-8627-C91D7D0305E2}"
EndProject
Project("{FAE04EC0-301F-11D3-BF4B-00C04F79EFBC}") = "AntWorldGui", "AntWorldGui\AntWorldGui.csproj", "{D4B49B87-5716-45A7-88E6-9AE5F72D676D}"
EndProject
Global
	GlobalSection(SolutionConfigurationPlatforms) = preSolution
		Debug|Any CPU = Debug|Any CPU
		Release|Any CPU = Release|Any CPU
	EndGlobalSection
	GlobalSection(ProjectConfigurationPlatforms) = postSolution
		{C227FC35-CB86-497B-8627-C91D7D0305E2}.Debug|Any CPU.ActiveCfg = Debug|Any CPU
		{C227FC35-CB86-497B-8627-C91D7D0305E2}.Debug|Any CPU.Build.0 = Debug|Any CPU
		{C227FC35-CB86-497B-8627-C91D7D0305E2}.Release|Any CPU.ActiveCfg = Release|Any CPU
		{C227FC35-CB86-497B-8627-C91D7D0305E2}.Release|Any CPU.Build.0 = Release|Any CPU
		{D4B49B87-5716-45A7-88E6-9AE5F72D676D}.Debug|Any CPU.ActiveCfg = Debug|Any CPU
		{D4B49B87-5716-45A7-88E6-9AE5F72D676D}.Debug|Any CPU.Build.0 = Debug|Any CPU
		{D4B49B87-5716-45A7-88E6-9AE5F72D676D}.Release|Any CPU.ActiveCfg = Release|Any CPU
		{D4B49B87-5716-45A7-88E6-9AE5F72D676D}.Release|Any CPU.Build.0 = Release|Any CPU
	EndGlobalSection
	GlobalSection(SolutionProperties) = preSolution
		HideSolutionNode = FALSE
	EndGlobalSection
	GlobalSection(ExtensibilityGlobals) = postSolution
		SolutionGuid = {1CCB1981-6AFF-466E-B43B-DDC7C7B65751}
	EndGlobalSection
EndGlobal
