
Microsoft Visual Studio Solution File, Format Version 12.00
# Visual Studio 15
VisualStudioVersion = 15.0.28010.2003
MinimumVisualStudioVersion = 10.0.40219.1
Project("{6EC3EE1D-3C4E-46DD-8F32-0CC8E7565705}") = "AntWorldCore", "AntWorldCore\AntWorldCore.fsproj", "{0D7903C3-B9E0-48D1-9648-816D41ACE597}"
EndProject
Project("{FAE04EC0-301F-11D3-BF4B-00C04F79EFBC}") = "AntWorldGui", "AntWorldGui\AntWorldGui.csproj", "{8B8AE805-FCCD-4A3D-B90C-98C795C352BE}"
EndProject
Project("{2150E333-8FDC-42A3-9474-1A3956D46DE8}") = "Solution Items", "Solution Items", "{B0A2B609-F4C6-4EA5-9E9F-47C5206025FF}"
	ProjectSection(SolutionItems) = preProject
		Notes.txt = Notes.txt
	EndProjectSection
EndProject
Global
	GlobalSection(SolutionConfigurationPlatforms) = preSolution
		Debug|Any CPU = Debug|Any CPU
		Debug|x86 = Debug|x86
		Release|Any CPU = Release|Any CPU
		Release|x86 = Release|x86
	EndGlobalSection
	GlobalSection(ProjectConfigurationPlatforms) = postSolution
		{0D7903C3-B9E0-48D1-9648-816D41ACE597}.Debug|Any CPU.ActiveCfg = Debug|Any CPU
		{0D7903C3-B9E0-48D1-9648-816D41ACE597}.Debug|Any CPU.Build.0 = Debug|Any CPU
		{0D7903C3-B9E0-48D1-9648-816D41ACE597}.Debug|x86.ActiveCfg = Debug|Any CPU
		{0D7903C3-B9E0-48D1-9648-816D41ACE597}.Debug|x86.Build.0 = Debug|Any CPU
		{0D7903C3-B9E0-48D1-9648-816D41ACE597}.Release|Any CPU.ActiveCfg = Release|Any CPU
		{0D7903C3-B9E0-48D1-9648-816D41ACE597}.Release|Any CPU.Build.0 = Release|Any CPU
		{0D7903C3-B9E0-48D1-9648-816D41ACE597}.Release|x86.ActiveCfg = Release|Any CPU
		{0D7903C3-B9E0-48D1-9648-816D41ACE597}.Release|x86.Build.0 = Release|Any CPU
		{8B8AE805-FCCD-4A3D-B90C-98C795C352BE}.Debug|Any CPU.ActiveCfg = Debug|x86
		{8B8AE805-FCCD-4A3D-B90C-98C795C352BE}.Debug|x86.ActiveCfg = Debug|x86
		{8B8AE805-FCCD-4A3D-B90C-98C795C352BE}.Debug|x86.Build.0 = Debug|x86
		{8B8AE805-FCCD-4A3D-B90C-98C795C352BE}.Release|Any CPU.ActiveCfg = Release|x86
		{8B8AE805-FCCD-4A3D-B90C-98C795C352BE}.Release|x86.ActiveCfg = Release|x86
		{8B8AE805-FCCD-4A3D-B90C-98C795C352BE}.Release|x86.Build.0 = Release|x86
	EndGlobalSection
	GlobalSection(SolutionProperties) = preSolution
		HideSolutionNode = FALSE
	EndGlobalSection
	GlobalSection(ExtensibilityGlobals) = postSolution
		SolutionGuid = {1CCB1981-6AFF-466E-B43B-DDC7C7B65751}
	EndGlobalSection
EndGlobal
